{
  "version": "4",
  "specifiers": {
    "jsr:@std/cli@^1.0.15": "1.0.15",
    "jsr:@std/fs@^1.0.15": "1.0.15",
    "jsr:@std/path@*": "1.0.8",
    "jsr:@std/path@^1.0.8": "1.0.8",
    "npm:zod@^3.24.2": "3.24.2"
  },
  "jsr": {
    "@std/cli@1.0.15": {
      "integrity": "e79ba3272ec710ca44d8342a7688e6288b0b88802703f3264184b52893d5e93f"
    },
    "@std/fs@1.0.15": {
      "integrity": "c083fb479889d6440d768e498195c3fc499d426fbf9a6592f98f53884d1d3f41",
      "dependencies": [
        "jsr:@std/path@^1.0.8"
      ]
    },
    "@std/path@1.0.8": {
      "integrity": "548fa456bb6a04d3c1a1e7477986b6cffbce95102d0bb447c67c4ee70e0364be"
    }
  },
  "npm": {
    "zod@3.24.2": {
      "integrity": "sha512-lY7CDW43ECgW9u1TcT3IoXHflywfVqDYze4waEz812jR/bZ8FHDsl7pFQoSZTz5N+2NqRXs8GBwnAwo3ZNxqhQ=="
    }
  },
  "workspace": {
    "dependencies": [
      "jsr:@std/cli@^1.0.15",
      "jsr:@std/fs@^1.0.15",
      "npm:zod@^3.24.2"
    ]
  }
}
